
Microsoft Visual Studio Solution File, Format Version 12.00
# Visual Studio 15
VisualStudioVersion = 15.0.27428.2015
MinimumVisualStudioVersion = 10.0.40219.1
Project("{9A19103F-16F7-4668-BE54-9A1E7A4F7556}") = "Core", "source\core\Core.csproj", "{2309761B-76EC-4493-8895-26C475DCCA21}"
EndProject
Global
	GlobalSection(SolutionConfigurationPlatforms) = preSolution
		Debug|Any CPU = Debug|Any CPU
		Release|Any CPU = Release|Any CPU
	EndGlobalSection
	GlobalSection(ProjectConfigurationPlatforms) = postSolution
		{2309761B-76EC-4493-8895-26C475DCCA21}.Debug|Any CPU.ActiveCfg = Debug|Any CPU
		{2309761B-76EC-4493-8895-26C475DCCA21}.Debug|Any CPU.Build.0 = Debug|Any CPU
		{2309761B-76EC-4493-8895-26C475DCCA21}.Release|Any CPU.ActiveCfg = Release|Any CPU
		{2309761B-76EC-4493-8895-26C475DCCA21}.Release|Any CPU.Build.0 = Release|Any CPU
	EndGlobalSection
	GlobalSection(SolutionProperties) = preSolution
		HideSolutionNode = FALSE
	EndGlobalSection
	GlobalSection(ExtensibilityGlobals) = postSolution
		SolutionGuid = {159A49A1-ADF8-4DF6-801E-BE67B5D6C7BD}
	EndGlobalSection
EndGlobal
